
Microsoft Visual Studio Solution File, Format Version 12.00
# Visual Studio 15
VisualStudioVersion = 15.0.28307.168
MinimumVisualStudioVersion = 10.0.40219.1
Project("{888888A0-9F3D-457C-B088-3A5042F75D52}") = "PythonPackages", "PythonPackages.pyproj", "{79D5F80C-665B-4802-8FB0-00B910A36F4B}"
EndProject
Global
	GlobalSection(SolutionConfigurationPlatforms) = preSolution
		Debug|Any CPU = Debug|Any CPU
		Release|Any CPU = Release|Any CPU
	EndGlobalSection
	GlobalSection(ProjectConfigurationPlatforms) = postSolution
		{79D5F80C-665B-4802-8FB0-00B910A36F4B}.Debug|Any CPU.ActiveCfg = Debug|Any CPU
		{79D5F80C-665B-4802-8FB0-00B910A36F4B}.Release|Any CPU.ActiveCfg = Release|Any CPU
	EndGlobalSection
	GlobalSection(SolutionProperties) = preSolution
		HideSolutionNode = FALSE
	EndGlobalSection
	GlobalSection(ExtensibilityGlobals) = postSolution
		SolutionGuid = {7067F48C-4EA1-4D2C-B062-21BD7493FBB1}
	EndGlobalSection
EndGlobal
